
Microsoft Visual Studio Solution File, Format Version 12.00
# Visual Studio 14
VisualStudioVersion = 14.0.25420.1
MinimumVisualStudioVersion = 10.0.40219.1
Project("{FAE04EC0-301F-11D3-BF4B-00C04F79EFBC}") = "NiVek.FlightControls", "NiVek.FlightControls.csproj", "{C99EA44A-9D23-43C0-BE84-ED90ED2557F7}"
EndProject
Project("{8BC9CEB8-8B4A-11D0-8D11-00A0C91BC942}") = "NiVek", "..\NiVek.D3D\NiVek.D3D.vcxproj", "{0BE8A463-92D1-4F46-B13B-4C20FD4705B9}"
EndProject
Project("{FAE04EC0-301F-11D3-BF4B-00C04F79EFBC}") = "NiVek.Common", "..\NiVek.Common\NiVek.Common.csproj", "{F3A82A7C-8368-4F94-868C-71E02EC81BB2}"
EndProject
Project("{2150E333-8FDC-42A3-9474-1A3956D46DE8}") = "NiVek.FlightControls", "NiVek.FlightControls", "{850278CB-86FA-4CC6-ACC1-7076B5FA7B9A}"
EndProject
Project("{D954291E-2A0B-460D-934E-DC6B0785DB48}") = "NiVek.FlightControls.Shared", "..\NiVek.FlightControls.Shared\NiVek.FlightControls.Shared.shproj", "{3ECE3D73-472B-4D0E-9F68-E8EF5A318C14}"
EndProject
Project("{FAE04EC0-301F-11D3-BF4B-00C04F79EFBC}") = "NiVek.FlightControls.WindowsPhone", "..\NiVek.FlightControls.WindowsPhone\NiVek.FlightControls.WindowsPhone.csproj", "{76792FF8-A282-42F7-91FA-366B7FBE8B5A}"
EndProject
Project("{2150E333-8FDC-42A3-9474-1A3956D46DE8}") = "Notes", "Notes", "{3E5F532C-5342-4295-949B-F428FCFEAFBC}"
	ProjectSection(SolutionItems) = preProject
		ToDo.txt = ToDo.txt
	EndProjectSection
EndProject
Project("{2150E333-8FDC-42A3-9474-1A3956D46DE8}") = "NiVek.Rover", "NiVek.Rover", "{240621C1-0106-4629-A556-22B6D60FD145}"
	ProjectSection(SolutionItems) = preProject
		Requirements.txt = Requirements.txt
	EndProjectSection
EndProject
Project("{D954291E-2A0B-460D-934E-DC6B0785DB48}") = "NiVek.Rover.Shared", "NiVek.Rover\NiVek.Rover.Shared\NiVek.Rover.Shared.shproj", "{ED56D517-AF4B-46DF-B391-1A8210ED06A2}"
EndProject
Project("{FAE04EC0-301F-11D3-BF4B-00C04F79EFBC}") = "NiVek.Rover.Windows", "NiVek.Rover\NiVek.Rover.Windows\NiVek.Rover.Windows.csproj", "{B4FF798D-8D33-4934-AD48-1BB14C9D1035}"
EndProject
Project("{FAE04EC0-301F-11D3-BF4B-00C04F79EFBC}") = "NiVek.Rover.WindowsPhone", "NiVek.Rover\NiVek.Rover.WindowsPhone\NiVek.Rover.WindowsPhone.csproj", "{43103D07-99DF-48AD-A20E-016CA466EE15}"
EndProject
Project("{FAE04EC0-301F-11D3-BF4B-00C04F79EFBC}") = "NiVek.WinCommon", "..\NiVek.Windows.Common\NiVek.WinCommon.csproj", "{D4D69D49-2FA6-4C25-AF73-FE67391701BE}"
EndProject
Project("{2150E333-8FDC-42A3-9474-1A3956D46DE8}") = "Common", "Common", "{4B3C0695-63F2-4206-9EE7-A15DD53F57F0}"
EndProject
Project("{FAE04EC0-301F-11D3-BF4B-00C04F79EFBC}") = "NiVek.GroundStation", "..\NiVek.GroundStation\NiVek.GroundStation.csproj", "{1CC68DB1-B9A9-4B73-B6A0-78A52D639311}"
EndProject
Global
	GlobalSection(SharedMSBuildProjectFiles) = preSolution
		..\NiVek.FlightControls.Shared\NiVek.FlightControls.Shared.projitems*{1cc68db1-b9a9-4b73-b6a0-78a52d639311}*SharedItemsImports = 4
		..\NiVek.FlightControls.Shared\NiVek.FlightControls.Shared.projitems*{3ece3d73-472b-4d0e-9f68-e8ef5a318c14}*SharedItemsImports = 13
		NiVek.Rover\NiVek.Rover.Shared\NiVek.Rover.Shared.projitems*{43103d07-99df-48ad-a20e-016ca466ee15}*SharedItemsImports = 4
		..\NiVek.FlightControls.Shared\NiVek.FlightControls.Shared.projitems*{76792ff8-a282-42f7-91fa-366b7fbe8b5a}*SharedItemsImports = 4
		NiVek.Rover\NiVek.Rover.Shared\NiVek.Rover.Shared.projitems*{b4ff798d-8d33-4934-ad48-1bb14c9d1035}*SharedItemsImports = 4
		..\NiVek.FlightControls.Shared\NiVek.FlightControls.Shared.projitems*{c99ea44a-9d23-43c0-be84-ed90ed2557f7}*SharedItemsImports = 4
		NiVek.Rover\NiVek.Rover.Shared\NiVek.Rover.Shared.projitems*{ed56d517-af4b-46df-b391-1a8210ed06a2}*SharedItemsImports = 13
	EndGlobalSection
	GlobalSection(SolutionConfigurationPlatforms) = preSolution
		Debug|Any CPU = Debug|Any CPU
		Debug|ARM = Debug|ARM
		Debug|Mixed Platforms = Debug|Mixed Platforms
		Debug|Win32 = Debug|Win32
		Debug|x64 = Debug|x64
		Debug|x86 = Debug|x86
		Debug-Rover|Any CPU = Debug-Rover|Any CPU
		Debug-Rover|ARM = Debug-Rover|ARM
		Debug-Rover|Mixed Platforms = Debug-Rover|Mixed Platforms
		Debug-Rover|Win32 = Debug-Rover|Win32
		Debug-Rover|x64 = Debug-Rover|x64
		Debug-Rover|x86 = Debug-Rover|x86
		Release|Any CPU = Release|Any CPU
		Release|ARM = Release|ARM
		Release|Mixed Platforms = Release|Mixed Platforms
		Release|Win32 = Release|Win32
		Release|x64 = Release|x64
		Release|x86 = Release|x86
	EndGlobalSection
	GlobalSection(ProjectConfigurationPlatforms) = postSolution
		{C99EA44A-9D23-43C0-BE84-ED90ED2557F7}.Debug|Any CPU.ActiveCfg = Debug|Any CPU
		{C99EA44A-9D23-43C0-BE84-ED90ED2557F7}.Debug|Any CPU.Build.0 = Debug|Any CPU
		{C99EA44A-9D23-43C0-BE84-ED90ED2557F7}.Debug|Any CPU.Deploy.0 = Debug|Any CPU
		{C99EA44A-9D23-43C0-BE84-ED90ED2557F7}.Debug|ARM.ActiveCfg = Debug|ARM
		{C99EA44A-9D23-43C0-BE84-ED90ED2557F7}.Debug|ARM.Build.0 = Debug|ARM
		{C99EA44A-9D23-43C0-BE84-ED90ED2557F7}.Debug|ARM.Deploy.0 = Debug|ARM
		{C99EA44A-9D23-43C0-BE84-ED90ED2557F7}.Debug|Mixed Platforms.ActiveCfg = Debug|x86
		{C99EA44A-9D23-43C0-BE84-ED90ED2557F7}.Debug|Mixed Platforms.Build.0 = Debug|x86
		{C99EA44A-9D23-43C0-BE84-ED90ED2557F7}.Debug|Mixed Platforms.Deploy.0 = Debug|x86
		{C99EA44A-9D23-43C0-BE84-ED90ED2557F7}.Debug|Win32.ActiveCfg = Debug|x86
		{C99EA44A-9D23-43C0-BE84-ED90ED2557F7}.Debug|Win32.Build.0 = Debug|x86
		{C99EA44A-9D23-43C0-BE84-ED90ED2557F7}.Debug|Win32.Deploy.0 = Debug|x86
		{C99EA44A-9D23-43C0-BE84-ED90ED2557F7}.Debug|x64.ActiveCfg = Debug|x64
		{C99EA44A-9D23-43C0-BE84-ED90ED2557F7}.Debug|x64.Build.0 = Debug|x64
		{C99EA44A-9D23-43C0-BE84-ED90ED2557F7}.Debug|x64.Deploy.0 = Debug|x64
		{C99EA44A-9D23-43C0-BE84-ED90ED2557F7}.Debug|x86.ActiveCfg = Debug|x86
		{C99EA44A-9D23-43C0-BE84-ED90ED2557F7}.Debug|x86.Build.0 = Debug|x86
		{C99EA44A-9D23-43C0-BE84-ED90ED2557F7}.Debug|x86.Deploy.0 = Debug|x86
		{C99EA44A-9D23-43C0-BE84-ED90ED2557F7}.Debug-Rover|Any CPU.ActiveCfg = Debug-Rover|Any CPU
		{C99EA44A-9D23-43C0-BE84-ED90ED2557F7}.Debug-Rover|Any CPU.Build.0 = Debug-Rover|Any CPU
		{C99EA44A-9D23-43C0-BE84-ED90ED2557F7}.Debug-Rover|Any CPU.Deploy.0 = Debug-Rover|Any CPU
		{C99EA44A-9D23-43C0-BE84-ED90ED2557F7}.Debug-Rover|ARM.ActiveCfg = Debug-Rover|ARM
		{C99EA44A-9D23-43C0-BE84-ED90ED2557F7}.Debug-Rover|ARM.Build.0 = Debug-Rover|ARM
		{C99EA44A-9D23-43C0-BE84-ED90ED2557F7}.Debug-Rover|ARM.Deploy.0 = Debug-Rover|ARM
		{C99EA44A-9D23-43C0-BE84-ED90ED2557F7}.Debug-Rover|Mixed Platforms.ActiveCfg = Debug-Rover|x86
		{C99EA44A-9D23-43C0-BE84-ED90ED2557F7}.Debug-Rover|Win32.ActiveCfg = Debug-Rover|x86
		{C99EA44A-9D23-43C0-BE84-ED90ED2557F7}.Debug-Rover|Win32.Build.0 = Debug-Rover|x86
		{C99EA44A-9D23-43C0-BE84-ED90ED2557F7}.Debug-Rover|Win32.Deploy.0 = Debug-Rover|x86
		{C99EA44A-9D23-43C0-BE84-ED90ED2557F7}.Debug-Rover|x64.ActiveCfg = Debug-Rover|x64
		{C99EA44A-9D23-43C0-BE84-ED90ED2557F7}.Debug-Rover|x64.Build.0 = Debug-Rover|x64
		{C99EA44A-9D23-43C0-BE84-ED90ED2557F7}.Debug-Rover|x64.Deploy.0 = Debug-Rover|x64
		{C99EA44A-9D23-43C0-BE84-ED90ED2557F7}.Debug-Rover|x86.ActiveCfg = Debug-Rover|x86
		{C99EA44A-9D23-43C0-BE84-ED90ED2557F7}.Debug-Rover|x86.Build.0 = Debug-Rover|x86
		{C99EA44A-9D23-43C0-BE84-ED90ED2557F7}.Debug-Rover|x86.Deploy.0 = Debug-Rover|x86
		{C99EA44A-9D23-43C0-BE84-ED90ED2557F7}.Release|Any CPU.ActiveCfg = Release|Any CPU
		{C99EA44A-9D23-43C0-BE84-ED90ED2557F7}.Release|Any CPU.Build.0 = Release|Any CPU
		{C99EA44A-9D23-43C0-BE84-ED90ED2557F7}.Release|Any CPU.Deploy.0 = Release|Any CPU
		{C99EA44A-9D23-43C0-BE84-ED90ED2557F7}.Release|ARM.ActiveCfg = Release|ARM
		{C99EA44A-9D23-43C0-BE84-ED90ED2557F7}.Release|ARM.Build.0 = Release|ARM
		{C99EA44A-9D23-43C0-BE84-ED90ED2557F7}.Release|ARM.Deploy.0 = Release|ARM
		{C99EA44A-9D23-43C0-BE84-ED90ED2557F7}.Release|Mixed Platforms.ActiveCfg = Release|x86
		{C99EA44A-9D23-43C0-BE84-ED90ED2557F7}.Release|Mixed Platforms.Build.0 = Release|x86
		{C99EA44A-9D23-43C0-BE84-ED90ED2557F7}.Release|Mixed Platforms.Deploy.0 = Release|x86
		{C99EA44A-9D23-43C0-BE84-ED90ED2557F7}.Release|Win32.ActiveCfg = Release|x86
		{C99EA44A-9D23-43C0-BE84-ED90ED2557F7}.Release|Win32.Build.0 = Release|x86
		{C99EA44A-9D23-43C0-BE84-ED90ED2557F7}.Release|Win32.Deploy.0 = Release|x86
		{C99EA44A-9D23-43C0-BE84-ED90ED2557F7}.Release|x64.ActiveCfg = Release|x64
		{C99EA44A-9D23-43C0-BE84-ED90ED2557F7}.Release|x64.Build.0 = Release|x64
		{C99EA44A-9D23-43C0-BE84-ED90ED2557F7}.Release|x64.Deploy.0 = Release|x64
		{C99EA44A-9D23-43C0-BE84-ED90ED2557F7}.Release|x86.ActiveCfg = Release|x86
		{C99EA44A-9D23-43C0-BE84-ED90ED2557F7}.Release|x86.Build.0 = Release|x86
		{C99EA44A-9D23-43C0-BE84-ED90ED2557F7}.Release|x86.Deploy.0 = Release|x86
		{0BE8A463-92D1-4F46-B13B-4C20FD4705B9}.Debug|Any CPU.ActiveCfg = Debug|Win32
		{0BE8A463-92D1-4F46-B13B-4C20FD4705B9}.Debug|ARM.ActiveCfg = Debug|ARM
		{0BE8A463-92D1-4F46-B13B-4C20FD4705B9}.Debug|ARM.Build.0 = Debug|ARM
		{0BE8A463-92D1-4F46-B13B-4C20FD4705B9}.Debug|Mixed Platforms.ActiveCfg = Debug|Win32
		{0BE8A463-92D1-4F46-B13B-4C20FD4705B9}.Debug|Mixed Platforms.Build.0 = Debug|Win32
		{0BE8A463-92D1-4F46-B13B-4C20FD4705B9}.Debug|Win32.ActiveCfg = Debug|Win32
		{0BE8A463-92D1-4F46-B13B-4C20FD4705B9}.Debug|Win32.Build.0 = Debug|Win32
		{0BE8A463-92D1-4F46-B13B-4C20FD4705B9}.Debug|x64.ActiveCfg = Debug|x64
		{0BE8A463-92D1-4F46-B13B-4C20FD4705B9}.Debug|x64.Build.0 = Debug|x64
		{0BE8A463-92D1-4F46-B13B-4C20FD4705B9}.Debug|x86.ActiveCfg = Debug|Win32
		{0BE8A463-92D1-4F46-B13B-4C20FD4705B9}.Debug|x86.Build.0 = Debug|Win32
		{0BE8A463-92D1-4F46-B13B-4C20FD4705B9}.Debug-Rover|Any CPU.ActiveCfg = Debug-Rover|Win32
		{0BE8A463-92D1-4F46-B13B-4C20FD4705B9}.Debug-Rover|ARM.ActiveCfg = Debug-Rover|ARM
		{0BE8A463-92D1-4F46-B13B-4C20FD4705B9}.Debug-Rover|ARM.Build.0 = Debug-Rover|ARM
		{0BE8A463-92D1-4F46-B13B-4C20FD4705B9}.Debug-Rover|Mixed Platforms.ActiveCfg = Debug-Rover|Win32
		{0BE8A463-92D1-4F46-B13B-4C20FD4705B9}.Debug-Rover|Mixed Platforms.Build.0 = Debug-Rover|Win32
		{0BE8A463-92D1-4F46-B13B-4C20FD4705B9}.Debug-Rover|Win32.ActiveCfg = Debug-Rover|Win32
		{0BE8A463-92D1-4F46-B13B-4C20FD4705B9}.Debug-Rover|Win32.Build.0 = Debug-Rover|Win32
		{0BE8A463-92D1-4F46-B13B-4C20FD4705B9}.Debug-Rover|x64.ActiveCfg = Debug-Rover|x64
		{0BE8A463-92D1-4F46-B13B-4C20FD4705B9}.Debug-Rover|x64.Build.0 = Debug-Rover|x64
		{0BE8A463-92D1-4F46-B13B-4C20FD4705B9}.Debug-Rover|x86.ActiveCfg = Debug-Rover|Win32
		{0BE8A463-92D1-4F46-B13B-4C20FD4705B9}.Debug-Rover|x86.Build.0 = Debug-Rover|Win32
		{0BE8A463-92D1-4F46-B13B-4C20FD4705B9}.Release|Any CPU.ActiveCfg = Release|Win32
		{0BE8A463-92D1-4F46-B13B-4C20FD4705B9}.Release|ARM.ActiveCfg = Release|ARM
		{0BE8A463-92D1-4F46-B13B-4C20FD4705B9}.Release|ARM.Build.0 = Release|ARM
		{0BE8A463-92D1-4F46-B13B-4C20FD4705B9}.Release|Mixed Platforms.ActiveCfg = Release|Win32
		{0BE8A463-92D1-4F46-B13B-4C20FD4705B9}.Release|Mixed Platforms.Build.0 = Release|Win32
		{0BE8A463-92D1-4F46-B13B-4C20FD4705B9}.Release|Win32.ActiveCfg = Release|Win32
		{0BE8A463-92D1-4F46-B13B-4C20FD4705B9}.Release|Win32.Build.0 = Release|Win32
		{0BE8A463-92D1-4F46-B13B-4C20FD4705B9}.Release|x64.ActiveCfg = Release|x64
		{0BE8A463-92D1-4F46-B13B-4C20FD4705B9}.Release|x64.Build.0 = Release|x64
		{0BE8A463-92D1-4F46-B13B-4C20FD4705B9}.Release|x86.ActiveCfg = Release|Win32
		{0BE8A463-92D1-4F46-B13B-4C20FD4705B9}.Release|x86.Build.0 = Release|Win32
		{F3A82A7C-8368-4F94-868C-71E02EC81BB2}.Debug|Any CPU.ActiveCfg = Debug|Any CPU
		{F3A82A7C-8368-4F94-868C-71E02EC81BB2}.Debug|Any CPU.Build.0 = Debug|Any CPU
		{F3A82A7C-8368-4F94-868C-71E02EC81BB2}.Debug|ARM.ActiveCfg = Debug|Any CPU
		{F3A82A7C-8368-4F94-868C-71E02EC81BB2}.Debug|Mixed Platforms.ActiveCfg = Debug|Any CPU
		{F3A82A7C-8368-4F94-868C-71E02EC81BB2}.Debug|Mixed Platforms.Build.0 = Debug|Any CPU
		{F3A82A7C-8368-4F94-868C-71E02EC81BB2}.Debug|Win32.ActiveCfg = Debug|Any CPU
		{F3A82A7C-8368-4F94-868C-71E02EC81BB2}.Debug|x64.ActiveCfg = Debug|Any CPU
		{F3A82A7C-8368-4F94-868C-71E02EC81BB2}.Debug|x86.ActiveCfg = Debug|Any CPU
		{F3A82A7C-8368-4F94-868C-71E02EC81BB2}.Debug-Rover|Any CPU.ActiveCfg = Debug-Rover|Any CPU
		{F3A82A7C-8368-4F94-868C-71E02EC81BB2}.Debug-Rover|Any CPU.Build.0 = Debug-Rover|Any CPU
		{F3A82A7C-8368-4F94-868C-71E02EC81BB2}.Debug-Rover|ARM.ActiveCfg = Debug-Rover|Any CPU
		{F3A82A7C-8368-4F94-868C-71E02EC81BB2}.Debug-Rover|ARM.Build.0 = Debug-Rover|Any CPU
		{F3A82A7C-8368-4F94-868C-71E02EC81BB2}.Debug-Rover|Mixed Platforms.ActiveCfg = Debug-Rover|Any CPU
		{F3A82A7C-8368-4F94-868C-71E02EC81BB2}.Debug-Rover|Mixed Platforms.Build.0 = Debug-Rover|Any CPU
		{F3A82A7C-8368-4F94-868C-71E02EC81BB2}.Debug-Rover|Win32.ActiveCfg = Debug-Rover|Any CPU
		{F3A82A7C-8368-4F94-868C-71E02EC81BB2}.Debug-Rover|x64.ActiveCfg = Debug-Rover|Any CPU
		{F3A82A7C-8368-4F94-868C-71E02EC81BB2}.Debug-Rover|x86.ActiveCfg = Debug-Rover|Any CPU
		{F3A82A7C-8368-4F94-868C-71E02EC81BB2}.Release|Any CPU.ActiveCfg = Release|Any CPU
		{F3A82A7C-8368-4F94-868C-71E02EC81BB2}.Release|Any CPU.Build.0 = Release|Any CPU
		{F3A82A7C-8368-4F94-868C-71E02EC81BB2}.Release|ARM.ActiveCfg = Release|Any CPU
		{F3A82A7C-8368-4F94-868C-71E02EC81BB2}.Release|Mixed Platforms.ActiveCfg = Release|Any CPU
		{F3A82A7C-8368-4F94-868C-71E02EC81BB2}.Release|Mixed Platforms.Build.0 = Release|Any CPU
		{F3A82A7C-8368-4F94-868C-71E02EC81BB2}.Release|Win32.ActiveCfg = Release|Any CPU
		{F3A82A7C-8368-4F94-868C-71E02EC81BB2}.Release|x64.ActiveCfg = Release|Any CPU
		{F3A82A7C-8368-4F94-868C-71E02EC81BB2}.Release|x86.ActiveCfg = Release|Any CPU
		{76792FF8-A282-42F7-91FA-366B7FBE8B5A}.Debug|Any CPU.ActiveCfg = Debug|Any CPU
		{76792FF8-A282-42F7-91FA-366B7FBE8B5A}.Debug|Any CPU.Build.0 = Debug|Any CPU
		{76792FF8-A282-42F7-91FA-366B7FBE8B5A}.Debug|Any CPU.Deploy.0 = Debug|Any CPU
		{76792FF8-A282-42F7-91FA-366B7FBE8B5A}.Debug|ARM.ActiveCfg = Debug|ARM
		{76792FF8-A282-42F7-91FA-366B7FBE8B5A}.Debug|ARM.Build.0 = Debug|ARM
		{76792FF8-A282-42F7-91FA-366B7FBE8B5A}.Debug|ARM.Deploy.0 = Debug|ARM
		{76792FF8-A282-42F7-91FA-366B7FBE8B5A}.Debug|Mixed Platforms.ActiveCfg = Debug|x86
		{76792FF8-A282-42F7-91FA-366B7FBE8B5A}.Debug|Mixed Platforms.Build.0 = Debug|x86
		{76792FF8-A282-42F7-91FA-366B7FBE8B5A}.Debug|Mixed Platforms.Deploy.0 = Debug|x86
		{76792FF8-A282-42F7-91FA-366B7FBE8B5A}.Debug|Win32.ActiveCfg = Debug|x86
		{76792FF8-A282-42F7-91FA-366B7FBE8B5A}.Debug|Win32.Build.0 = Debug|x86
		{76792FF8-A282-42F7-91FA-366B7FBE8B5A}.Debug|Win32.Deploy.0 = Debug|x86
		{76792FF8-A282-42F7-91FA-366B7FBE8B5A}.Debug|x64.ActiveCfg = Debug|Any CPU
		{76792FF8-A282-42F7-91FA-366B7FBE8B5A}.Debug|x86.ActiveCfg = Debug|x86
		{76792FF8-A282-42F7-91FA-366B7FBE8B5A}.Debug|x86.Build.0 = Debug|x86
		{76792FF8-A282-42F7-91FA-366B7FBE8B5A}.Debug|x86.Deploy.0 = Debug|x86
		{76792FF8-A282-42F7-91FA-366B7FBE8B5A}.Debug-Rover|Any CPU.ActiveCfg = Debug-Rover|Any CPU
		{76792FF8-A282-42F7-91FA-366B7FBE8B5A}.Debug-Rover|Any CPU.Build.0 = Debug-Rover|Any CPU
		{76792FF8-A282-42F7-91FA-366B7FBE8B5A}.Debug-Rover|Any CPU.Deploy.0 = Debug-Rover|Any CPU
		{76792FF8-A282-42F7-91FA-366B7FBE8B5A}.Debug-Rover|ARM.ActiveCfg = Debug-Rover|ARM
		{76792FF8-A282-42F7-91FA-366B7FBE8B5A}.Debug-Rover|ARM.Build.0 = Debug-Rover|ARM
		{76792FF8-A282-42F7-91FA-366B7FBE8B5A}.Debug-Rover|ARM.Deploy.0 = Debug-Rover|ARM
		{76792FF8-A282-42F7-91FA-366B7FBE8B5A}.Debug-Rover|Mixed Platforms.ActiveCfg = Debug-Rover|x86
		{76792FF8-A282-42F7-91FA-366B7FBE8B5A}.Debug-Rover|Win32.ActiveCfg = Debug-Rover|x86
		{76792FF8-A282-42F7-91FA-366B7FBE8B5A}.Debug-Rover|Win32.Build.0 = Debug-Rover|x86
		{76792FF8-A282-42F7-91FA-366B7FBE8B5A}.Debug-Rover|Win32.Deploy.0 = Debug-Rover|x86
		{76792FF8-A282-42F7-91FA-366B7FBE8B5A}.Debug-Rover|x64.ActiveCfg = Debug-Rover|Any CPU
		{76792FF8-A282-42F7-91FA-366B7FBE8B5A}.Debug-Rover|x86.ActiveCfg = Debug-Rover|x86
		{76792FF8-A282-42F7-91FA-366B7FBE8B5A}.Debug-Rover|x86.Build.0 = Debug-Rover|x86
		{76792FF8-A282-42F7-91FA-366B7FBE8B5A}.Debug-Rover|x86.Deploy.0 = Debug-Rover|x86
		{76792FF8-A282-42F7-91FA-366B7FBE8B5A}.Release|Any CPU.ActiveCfg = Release|Any CPU
		{76792FF8-A282-42F7-91FA-366B7FBE8B5A}.Release|Any CPU.Build.0 = Release|Any CPU
		{76792FF8-A282-42F7-91FA-366B7FBE8B5A}.Release|Any CPU.Deploy.0 = Release|Any CPU
		{76792FF8-A282-42F7-91FA-366B7FBE8B5A}.Release|ARM.ActiveCfg = Release|ARM
		{76792FF8-A282-42F7-91FA-366B7FBE8B5A}.Release|ARM.Build.0 = Release|ARM
		{76792FF8-A282-42F7-91FA-366B7FBE8B5A}.Release|ARM.Deploy.0 = Release|ARM
		{76792FF8-A282-42F7-91FA-366B7FBE8B5A}.Release|Mixed Platforms.ActiveCfg = Release|x86
		{76792FF8-A282-42F7-91FA-366B7FBE8B5A}.Release|Mixed Platforms.Build.0 = Release|x86
		{76792FF8-A282-42F7-91FA-366B7FBE8B5A}.Release|Mixed Platforms.Deploy.0 = Release|x86
		{76792FF8-A282-42F7-91FA-366B7FBE8B5A}.Release|Win32.ActiveCfg = Release|x86
		{76792FF8-A282-42F7-91FA-366B7FBE8B5A}.Release|Win32.Build.0 = Release|x86
		{76792FF8-A282-42F7-91FA-366B7FBE8B5A}.Release|Win32.Deploy.0 = Release|x86
		{76792FF8-A282-42F7-91FA-366B7FBE8B5A}.Release|x64.ActiveCfg = Release|Any CPU
		{76792FF8-A282-42F7-91FA-366B7FBE8B5A}.Release|x86.ActiveCfg = Release|x86
		{76792FF8-A282-42F7-91FA-366B7FBE8B5A}.Release|x86.Build.0 = Release|x86
		{76792FF8-A282-42F7-91FA-366B7FBE8B5A}.Release|x86.Deploy.0 = Release|x86
		{B4FF798D-8D33-4934-AD48-1BB14C9D1035}.Debug|Any CPU.ActiveCfg = Debug|Any CPU
		{B4FF798D-8D33-4934-AD48-1BB14C9D1035}.Debug|Any CPU.Build.0 = Debug|Any CPU
		{B4FF798D-8D33-4934-AD48-1BB14C9D1035}.Debug|Any CPU.Deploy.0 = Debug|Any CPU
		{B4FF798D-8D33-4934-AD48-1BB14C9D1035}.Debug|ARM.ActiveCfg = Debug|ARM
		{B4FF798D-8D33-4934-AD48-1BB14C9D1035}.Debug|ARM.Build.0 = Debug|ARM
		{B4FF798D-8D33-4934-AD48-1BB14C9D1035}.Debug|ARM.Deploy.0 = Debug|ARM
		{B4FF798D-8D33-4934-AD48-1BB14C9D1035}.Debug|Mixed Platforms.ActiveCfg = Debug|x86
		{B4FF798D-8D33-4934-AD48-1BB14C9D1035}.Debug|Mixed Platforms.Build.0 = Debug|x86
		{B4FF798D-8D33-4934-AD48-1BB14C9D1035}.Debug|Mixed Platforms.Deploy.0 = Debug|x86
		{B4FF798D-8D33-4934-AD48-1BB14C9D1035}.Debug|Win32.ActiveCfg = Debug|x86
		{B4FF798D-8D33-4934-AD48-1BB14C9D1035}.Debug|Win32.Build.0 = Debug|x86
		{B4FF798D-8D33-4934-AD48-1BB14C9D1035}.Debug|Win32.Deploy.0 = Debug|x86
		{B4FF798D-8D33-4934-AD48-1BB14C9D1035}.Debug|x64.ActiveCfg = Debug|x64
		{B4FF798D-8D33-4934-AD48-1BB14C9D1035}.Debug|x64.Build.0 = Debug|x64
		{B4FF798D-8D33-4934-AD48-1BB14C9D1035}.Debug|x64.Deploy.0 = Debug|x64
		{B4FF798D-8D33-4934-AD48-1BB14C9D1035}.Debug|x86.ActiveCfg = Debug|x86
		{B4FF798D-8D33-4934-AD48-1BB14C9D1035}.Debug|x86.Build.0 = Debug|x86
		{B4FF798D-8D33-4934-AD48-1BB14C9D1035}.Debug|x86.Deploy.0 = Debug|x86
		{B4FF798D-8D33-4934-AD48-1BB14C9D1035}.Debug-Rover|Any CPU.ActiveCfg = Debug-Rover|Any CPU
		{B4FF798D-8D33-4934-AD48-1BB14C9D1035}.Debug-Rover|Any CPU.Build.0 = Debug-Rover|Any CPU
		{B4FF798D-8D33-4934-AD48-1BB14C9D1035}.Debug-Rover|Any CPU.Deploy.0 = Debug-Rover|Any CPU
		{B4FF798D-8D33-4934-AD48-1BB14C9D1035}.Debug-Rover|ARM.ActiveCfg = Debug-Rover|ARM
		{B4FF798D-8D33-4934-AD48-1BB14C9D1035}.Debug-Rover|ARM.Build.0 = Debug-Rover|ARM
		{B4FF798D-8D33-4934-AD48-1BB14C9D1035}.Debug-Rover|ARM.Deploy.0 = Debug-Rover|ARM
		{B4FF798D-8D33-4934-AD48-1BB14C9D1035}.Debug-Rover|Mixed Platforms.ActiveCfg = Debug-Rover|x86
		{B4FF798D-8D33-4934-AD48-1BB14C9D1035}.Debug-Rover|Mixed Platforms.Build.0 = Debug-Rover|x86
		{B4FF798D-8D33-4934-AD48-1BB14C9D1035}.Debug-Rover|Mixed Platforms.Deploy.0 = Debug-Rover|x86
		{B4FF798D-8D33-4934-AD48-1BB14C9D1035}.Debug-Rover|Win32.ActiveCfg = Debug-Rover|x86
		{B4FF798D-8D33-4934-AD48-1BB14C9D1035}.Debug-Rover|Win32.Build.0 = Debug-Rover|x86
		{B4FF798D-8D33-4934-AD48-1BB14C9D1035}.Debug-Rover|Win32.Deploy.0 = Debug-Rover|x86
		{B4FF798D-8D33-4934-AD48-1BB14C9D1035}.Debug-Rover|x64.ActiveCfg = Debug-Rover|x64
		{B4FF798D-8D33-4934-AD48-1BB14C9D1035}.Debug-Rover|x64.Build.0 = Debug-Rover|x64
		{B4FF798D-8D33-4934-AD48-1BB14C9D1035}.Debug-Rover|x64.Deploy.0 = Debug-Rover|x64
		{B4FF798D-8D33-4934-AD48-1BB14C9D1035}.Debug-Rover|x86.ActiveCfg = Debug-Rover|x86
		{B4FF798D-8D33-4934-AD48-1BB14C9D1035}.Debug-Rover|x86.Build.0 = Debug-Rover|x86
		{B4FF798D-8D33-4934-AD48-1BB14C9D1035}.Debug-Rover|x86.Deploy.0 = Debug-Rover|x86
		{B4FF798D-8D33-4934-AD48-1BB14C9D1035}.Release|Any CPU.ActiveCfg = Release|Any CPU
		{B4FF798D-8D33-4934-AD48-1BB14C9D1035}.Release|Any CPU.Build.0 = Release|Any CPU
		{B4FF798D-8D33-4934-AD48-1BB14C9D1035}.Release|Any CPU.Deploy.0 = Release|Any CPU
		{B4FF798D-8D33-4934-AD48-1BB14C9D1035}.Release|ARM.ActiveCfg = Release|ARM
		{B4FF798D-8D33-4934-AD48-1BB14C9D1035}.Release|ARM.Build.0 = Release|ARM
		{B4FF798D-8D33-4934-AD48-1BB14C9D1035}.Release|ARM.Deploy.0 = Release|ARM
		{B4FF798D-8D33-4934-AD48-1BB14C9D1035}.Release|Mixed Platforms.ActiveCfg = Release|x86
		{B4FF798D-8D33-4934-AD48-1BB14C9D1035}.Release|Mixed Platforms.Build.0 = Release|x86
		{B4FF798D-8D33-4934-AD48-1BB14C9D1035}.Release|Mixed Platforms.Deploy.0 = Release|x86
		{B4FF798D-8D33-4934-AD48-1BB14C9D1035}.Release|Win32.ActiveCfg = Release|x86
		{B4FF798D-8D33-4934-AD48-1BB14C9D1035}.Release|Win32.Build.0 = Release|x86
		{B4FF798D-8D33-4934-AD48-1BB14C9D1035}.Release|Win32.Deploy.0 = Release|x86
		{B4FF798D-8D33-4934-AD48-1BB14C9D1035}.Release|x64.ActiveCfg = Release|x64
		{B4FF798D-8D33-4934-AD48-1BB14C9D1035}.Release|x64.Build.0 = Release|x64
		{B4FF798D-8D33-4934-AD48-1BB14C9D1035}.Release|x64.Deploy.0 = Release|x64
		{B4FF798D-8D33-4934-AD48-1BB14C9D1035}.Release|x86.ActiveCfg = Release|x86
		{B4FF798D-8D33-4934-AD48-1BB14C9D1035}.Release|x86.Build.0 = Release|x86
		{B4FF798D-8D33-4934-AD48-1BB14C9D1035}.Release|x86.Deploy.0 = Release|x86
		{43103D07-99DF-48AD-A20E-016CA466EE15}.Debug|Any CPU.ActiveCfg = Debug|Any CPU
		{43103D07-99DF-48AD-A20E-016CA466EE15}.Debug|Any CPU.Build.0 = Debug|Any CPU
		{43103D07-99DF-48AD-A20E-016CA466EE15}.Debug|Any CPU.Deploy.0 = Debug|Any CPU
		{43103D07-99DF-48AD-A20E-016CA466EE15}.Debug|ARM.ActiveCfg = Debug|ARM
		{43103D07-99DF-48AD-A20E-016CA466EE15}.Debug|ARM.Build.0 = Debug|ARM
		{43103D07-99DF-48AD-A20E-016CA466EE15}.Debug|ARM.Deploy.0 = Debug|ARM
		{43103D07-99DF-48AD-A20E-016CA466EE15}.Debug|Mixed Platforms.ActiveCfg = Debug|x86
		{43103D07-99DF-48AD-A20E-016CA466EE15}.Debug|Mixed Platforms.Build.0 = Debug|x86
		{43103D07-99DF-48AD-A20E-016CA466EE15}.Debug|Mixed Platforms.Deploy.0 = Debug|x86
		{43103D07-99DF-48AD-A20E-016CA466EE15}.Debug|Win32.ActiveCfg = Debug|x86
		{43103D07-99DF-48AD-A20E-016CA466EE15}.Debug|Win32.Build.0 = Debug|x86
		{43103D07-99DF-48AD-A20E-016CA466EE15}.Debug|Win32.Deploy.0 = Debug|x86
		{43103D07-99DF-48AD-A20E-016CA466EE15}.Debug|x64.ActiveCfg = Debug|Any CPU
		{43103D07-99DF-48AD-A20E-016CA466EE15}.Debug|x86.ActiveCfg = Debug|x86
		{43103D07-99DF-48AD-A20E-016CA466EE15}.Debug|x86.Build.0 = Debug|x86
		{43103D07-99DF-48AD-A20E-016CA466EE15}.Debug|x86.Deploy.0 = Debug|x86
		{43103D07-99DF-48AD-A20E-016CA466EE15}.Debug-Rover|Any CPU.ActiveCfg = Debug-Rover|Any CPU
		{43103D07-99DF-48AD-A20E-016CA466EE15}.Debug-Rover|Any CPU.Build.0 = Debug-Rover|Any CPU
		{43103D07-99DF-48AD-A20E-016CA466EE15}.Debug-Rover|Any CPU.Deploy.0 = Debug-Rover|Any CPU
		{43103D07-99DF-48AD-A20E-016CA466EE15}.Debug-Rover|ARM.ActiveCfg = Debug-Rover|ARM
		{43103D07-99DF-48AD-A20E-016CA466EE15}.Debug-Rover|ARM.Build.0 = Debug-Rover|ARM
		{43103D07-99DF-48AD-A20E-016CA466EE15}.Debug-Rover|ARM.Deploy.0 = Debug-Rover|ARM
		{43103D07-99DF-48AD-A20E-016CA466EE15}.Debug-Rover|Mixed Platforms.ActiveCfg = Debug-Rover|x86
		{43103D07-99DF-48AD-A20E-016CA466EE15}.Debug-Rover|Mixed Platforms.Build.0 = Debug-Rover|x86
		{43103D07-99DF-48AD-A20E-016CA466EE15}.Debug-Rover|Mixed Platforms.Deploy.0 = Debug-Rover|x86
		{43103D07-99DF-48AD-A20E-016CA466EE15}.Debug-Rover|Win32.ActiveCfg = Debug-Rover|x86
		{43103D07-99DF-48AD-A20E-016CA466EE15}.Debug-Rover|Win32.Build.0 = Debug-Rover|x86
		{43103D07-99DF-48AD-A20E-016CA466EE15}.Debug-Rover|Win32.Deploy.0 = Debug-Rover|x86
		{43103D07-99DF-48AD-A20E-016CA466EE15}.Debug-Rover|x64.ActiveCfg = Debug-Rover|Any CPU
		{43103D07-99DF-48AD-A20E-016CA466EE15}.Debug-Rover|x86.ActiveCfg = Debug-Rover|x86
		{43103D07-99DF-48AD-A20E-016CA466EE15}.Debug-Rover|x86.Build.0 = Debug-Rover|x86
		{43103D07-99DF-48AD-A20E-016CA466EE15}.Debug-Rover|x86.Deploy.0 = Debug-Rover|x86
		{43103D07-99DF-48AD-A20E-016CA466EE15}.Release|Any CPU.ActiveCfg = Release|Any CPU
		{43103D07-99DF-48AD-A20E-016CA466EE15}.Release|Any CPU.Build.0 = Release|Any CPU
		{43103D07-99DF-48AD-A20E-016CA466EE15}.Release|Any CPU.Deploy.0 = Release|Any CPU
		{43103D07-99DF-48AD-A20E-016CA466EE15}.Release|ARM.ActiveCfg = Release|ARM
		{43103D07-99DF-48AD-A20E-016CA466EE15}.Release|ARM.Build.0 = Release|ARM
		{43103D07-99DF-48AD-A20E-016CA466EE15}.Release|ARM.Deploy.0 = Release|ARM
		{43103D07-99DF-48AD-A20E-016CA466EE15}.Release|Mixed Platforms.ActiveCfg = Release|x86
		{43103D07-99DF-48AD-A20E-016CA466EE15}.Release|Mixed Platforms.Build.0 = Release|x86
		{43103D07-99DF-48AD-A20E-016CA466EE15}.Release|Mixed Platforms.Deploy.0 = Release|x86
		{43103D07-99DF-48AD-A20E-016CA466EE15}.Release|Win32.ActiveCfg = Release|x86
		{43103D07-99DF-48AD-A20E-016CA466EE15}.Release|Win32.Build.0 = Release|x86
		{43103D07-99DF-48AD-A20E-016CA466EE15}.Release|Win32.Deploy.0 = Release|x86
		{43103D07-99DF-48AD-A20E-016CA466EE15}.Release|x64.ActiveCfg = Release|Any CPU
		{43103D07-99DF-48AD-A20E-016CA466EE15}.Release|x86.ActiveCfg = Release|x86
		{43103D07-99DF-48AD-A20E-016CA466EE15}.Release|x86.Build.0 = Release|x86
		{43103D07-99DF-48AD-A20E-016CA466EE15}.Release|x86.Deploy.0 = Release|x86
		{D4D69D49-2FA6-4C25-AF73-FE67391701BE}.Debug|Any CPU.ActiveCfg = Debug|Any CPU
		{D4D69D49-2FA6-4C25-AF73-FE67391701BE}.Debug|Any CPU.Build.0 = Debug|Any CPU
		{D4D69D49-2FA6-4C25-AF73-FE67391701BE}.Debug|ARM.ActiveCfg = Debug|Any CPU
		{D4D69D49-2FA6-4C25-AF73-FE67391701BE}.Debug|Mixed Platforms.ActiveCfg = Debug|Any CPU
		{D4D69D49-2FA6-4C25-AF73-FE67391701BE}.Debug|Mixed Platforms.Build.0 = Debug|Any CPU
		{D4D69D49-2FA6-4C25-AF73-FE67391701BE}.Debug|Win32.ActiveCfg = Debug|Any CPU
		{D4D69D49-2FA6-4C25-AF73-FE67391701BE}.Debug|x64.ActiveCfg = Debug|Any CPU
		{D4D69D49-2FA6-4C25-AF73-FE67391701BE}.Debug|x86.ActiveCfg = Debug|Any CPU
		{D4D69D49-2FA6-4C25-AF73-FE67391701BE}.Debug-Rover|Any CPU.ActiveCfg = Debug-Rover|Any CPU
		{D4D69D49-2FA6-4C25-AF73-FE67391701BE}.Debug-Rover|Any CPU.Build.0 = Debug-Rover|Any CPU
		{D4D69D49-2FA6-4C25-AF73-FE67391701BE}.Debug-Rover|ARM.ActiveCfg = Debug-Rover|Any CPU
		{D4D69D49-2FA6-4C25-AF73-FE67391701BE}.Debug-Rover|ARM.Build.0 = Debug-Rover|Any CPU
		{D4D69D49-2FA6-4C25-AF73-FE67391701BE}.Debug-Rover|Mixed Platforms.ActiveCfg = Debug-Rover|Any CPU
		{D4D69D49-2FA6-4C25-AF73-FE67391701BE}.Debug-Rover|Mixed Platforms.Build.0 = Debug-Rover|Any CPU
		{D4D69D49-2FA6-4C25-AF73-FE67391701BE}.Debug-Rover|Win32.ActiveCfg = Debug-Rover|Any CPU
		{D4D69D49-2FA6-4C25-AF73-FE67391701BE}.Debug-Rover|x64.ActiveCfg = Debug-Rover|Any CPU
		{D4D69D49-2FA6-4C25-AF73-FE67391701BE}.Debug-Rover|x86.ActiveCfg = Debug-Rover|Any CPU
		{D4D69D49-2FA6-4C25-AF73-FE67391701BE}.Release|Any CPU.ActiveCfg = Release|Any CPU
		{D4D69D49-2FA6-4C25-AF73-FE67391701BE}.Release|Any CPU.Build.0 = Release|Any CPU
		{D4D69D49-2FA6-4C25-AF73-FE67391701BE}.Release|ARM.ActiveCfg = Release|Any CPU
		{D4D69D49-2FA6-4C25-AF73-FE67391701BE}.Release|Mixed Platforms.ActiveCfg = Release|Any CPU
		{D4D69D49-2FA6-4C25-AF73-FE67391701BE}.Release|Mixed Platforms.Build.0 = Release|Any CPU
		{D4D69D49-2FA6-4C25-AF73-FE67391701BE}.Release|Win32.ActiveCfg = Release|Any CPU
		{D4D69D49-2FA6-4C25-AF73-FE67391701BE}.Release|x64.ActiveCfg = Release|Any CPU
		{D4D69D49-2FA6-4C25-AF73-FE67391701BE}.Release|x86.ActiveCfg = Release|Any CPU
		{1CC68DB1-B9A9-4B73-B6A0-78A52D639311}.Debug|Any CPU.ActiveCfg = Debug|x86
		{1CC68DB1-B9A9-4B73-B6A0-78A52D639311}.Debug|ARM.ActiveCfg = Debug|ARM
		{1CC68DB1-B9A9-4B73-B6A0-78A52D639311}.Debug|ARM.Build.0 = Debug|ARM
		{1CC68DB1-B9A9-4B73-B6A0-78A52D639311}.Debug|ARM.Deploy.0 = Debug|ARM
		{1CC68DB1-B9A9-4B73-B6A0-78A52D639311}.Debug|Mixed Platforms.ActiveCfg = Debug|x86
		{1CC68DB1-B9A9-4B73-B6A0-78A52D639311}.Debug|Mixed Platforms.Build.0 = Debug|x86
		{1CC68DB1-B9A9-4B73-B6A0-78A52D639311}.Debug|Mixed Platforms.Deploy.0 = Debug|x86
		{1CC68DB1-B9A9-4B73-B6A0-78A52D639311}.Debug|Win32.ActiveCfg = Debug|x86
		{1CC68DB1-B9A9-4B73-B6A0-78A52D639311}.Debug|Win32.Build.0 = Debug|x86
		{1CC68DB1-B9A9-4B73-B6A0-78A52D639311}.Debug|Win32.Deploy.0 = Debug|x86
		{1CC68DB1-B9A9-4B73-B6A0-78A52D639311}.Debug|x64.ActiveCfg = Debug|x64
		{1CC68DB1-B9A9-4B73-B6A0-78A52D639311}.Debug|x64.Build.0 = Debug|x64
		{1CC68DB1-B9A9-4B73-B6A0-78A52D639311}.Debug|x64.Deploy.0 = Debug|x64
		{1CC68DB1-B9A9-4B73-B6A0-78A52D639311}.Debug|x86.ActiveCfg = Debug|x86
		{1CC68DB1-B9A9-4B73-B6A0-78A52D639311}.Debug|x86.Build.0 = Debug|x86
		{1CC68DB1-B9A9-4B73-B6A0-78A52D639311}.Debug|x86.Deploy.0 = Debug|x86
		{1CC68DB1-B9A9-4B73-B6A0-78A52D639311}.Debug-Rover|Any CPU.ActiveCfg = Release|x64
		{1CC68DB1-B9A9-4B73-B6A0-78A52D639311}.Debug-Rover|Any CPU.Build.0 = Release|x64
		{1CC68DB1-B9A9-4B73-B6A0-78A52D639311}.Debug-Rover|Any CPU.Deploy.0 = Release|x64
		{1CC68DB1-B9A9-4B73-B6A0-78A52D639311}.Debug-Rover|ARM.ActiveCfg = Debug|ARM
		{1CC68DB1-B9A9-4B73-B6A0-78A52D639311}.Debug-Rover|ARM.Build.0 = Debug|ARM
		{1CC68DB1-B9A9-4B73-B6A0-78A52D639311}.Debug-Rover|ARM.Deploy.0 = Debug|ARM
		{1CC68DB1-B9A9-4B73-B6A0-78A52D639311}.Debug-Rover|Mixed Platforms.ActiveCfg = Debug|x86
		{1CC68DB1-B9A9-4B73-B6A0-78A52D639311}.Debug-Rover|Mixed Platforms.Build.0 = Debug|x86
		{1CC68DB1-B9A9-4B73-B6A0-78A52D639311}.Debug-Rover|Mixed Platforms.Deploy.0 = Debug|x86
		{1CC68DB1-B9A9-4B73-B6A0-78A52D639311}.Debug-Rover|Win32.ActiveCfg = Debug|x86
		{1CC68DB1-B9A9-4B73-B6A0-78A52D639311}.Debug-Rover|Win32.Build.0 = Debug|x86
		{1CC68DB1-B9A9-4B73-B6A0-78A52D639311}.Debug-Rover|Win32.Deploy.0 = Debug|x86
		{1CC68DB1-B9A9-4B73-B6A0-78A52D639311}.Debug-Rover|x64.ActiveCfg = Debug|x64
		{1CC68DB1-B9A9-4B73-B6A0-78A52D639311}.Debug-Rover|x64.Build.0 = Debug|x64
		{1CC68DB1-B9A9-4B73-B6A0-78A52D639311}.Debug-Rover|x64.Deploy.0 = Debug|x64
		{1CC68DB1-B9A9-4B73-B6A0-78A52D639311}.Debug-Rover|x86.ActiveCfg = Debug|x86
		{1CC68DB1-B9A9-4B73-B6A0-78A52D639311}.Debug-Rover|x86.Build.0 = Debug|x86
		{1CC68DB1-B9A9-4B73-B6A0-78A52D639311}.Debug-Rover|x86.Deploy.0 = Debug|x86
		{1CC68DB1-B9A9-4B73-B6A0-78A52D639311}.Release|Any CPU.ActiveCfg = Release|x86
		{1CC68DB1-B9A9-4B73-B6A0-78A52D639311}.Release|ARM.ActiveCfg = Release|ARM
		{1CC68DB1-B9A9-4B73-B6A0-78A52D639311}.Release|ARM.Build.0 = Release|ARM
		{1CC68DB1-B9A9-4B73-B6A0-78A52D639311}.Release|ARM.Deploy.0 = Release|ARM
		{1CC68DB1-B9A9-4B73-B6A0-78A52D639311}.Release|Mixed Platforms.ActiveCfg = Release|x86
		{1CC68DB1-B9A9-4B73-B6A0-78A52D639311}.Release|Mixed Platforms.Build.0 = Release|x86
		{1CC68DB1-B9A9-4B73-B6A0-78A52D639311}.Release|Mixed Platforms.Deploy.0 = Release|x86
		{1CC68DB1-B9A9-4B73-B6A0-78A52D639311}.Release|Win32.ActiveCfg = Release|x86
		{1CC68DB1-B9A9-4B73-B6A0-78A52D639311}.Release|Win32.Build.0 = Release|x86
		{1CC68DB1-B9A9-4B73-B6A0-78A52D639311}.Release|Win32.Deploy.0 = Release|x86
		{1CC68DB1-B9A9-4B73-B6A0-78A52D639311}.Release|x64.ActiveCfg = Release|x64
		{1CC68DB1-B9A9-4B73-B6A0-78A52D639311}.Release|x64.Build.0 = Release|x64
		{1CC68DB1-B9A9-4B73-B6A0-78A52D639311}.Release|x64.Deploy.0 = Release|x64
		{1CC68DB1-B9A9-4B73-B6A0-78A52D639311}.Release|x86.ActiveCfg = Release|x86
		{1CC68DB1-B9A9-4B73-B6A0-78A52D639311}.Release|x86.Build.0 = Release|x86
		{1CC68DB1-B9A9-4B73-B6A0-78A52D639311}.Release|x86.Deploy.0 = Release|x86
	EndGlobalSection
	GlobalSection(SolutionProperties) = preSolution
		HideSolutionNode = FALSE
	EndGlobalSection
	GlobalSection(NestedProjects) = preSolution
		{C99EA44A-9D23-43C0-BE84-ED90ED2557F7} = {850278CB-86FA-4CC6-ACC1-7076B5FA7B9A}
		{0BE8A463-92D1-4F46-B13B-4C20FD4705B9} = {4B3C0695-63F2-4206-9EE7-A15DD53F57F0}
		{F3A82A7C-8368-4F94-868C-71E02EC81BB2} = {4B3C0695-63F2-4206-9EE7-A15DD53F57F0}
		{3ECE3D73-472B-4D0E-9F68-E8EF5A318C14} = {850278CB-86FA-4CC6-ACC1-7076B5FA7B9A}
		{76792FF8-A282-42F7-91FA-366B7FBE8B5A} = {850278CB-86FA-4CC6-ACC1-7076B5FA7B9A}
		{ED56D517-AF4B-46DF-B391-1A8210ED06A2} = {240621C1-0106-4629-A556-22B6D60FD145}
		{B4FF798D-8D33-4934-AD48-1BB14C9D1035} = {240621C1-0106-4629-A556-22B6D60FD145}
		{43103D07-99DF-48AD-A20E-016CA466EE15} = {240621C1-0106-4629-A556-22B6D60FD145}
		{D4D69D49-2FA6-4C25-AF73-FE67391701BE} = {4B3C0695-63F2-4206-9EE7-A15DD53F57F0}
		{1CC68DB1-B9A9-4B73-B6A0-78A52D639311} = {850278CB-86FA-4CC6-ACC1-7076B5FA7B9A}
	EndGlobalSection
EndGlobal
